{
  "nodes": {
    "nixpkgs": {
      "locked": {
        "lastModified": 1771125732,
        "narHash": "sha256-2zhpQZ81CRRih2YNtmN3viTgfS9V+GVdzj9qZAD0U0k=",
        "owner": "NixOS",
        "repo": "nixpkgs",
        "rev": "17173c33d2e975c4dd2eb53385485dad7b20b355",
        "type": "github"
      },
      "original": {
        "owner": "NixOS",
        "repo": "nixpkgs",
        "type": "github"
      }
    },
    "root": {
      "inputs": {
        "nixpkgs": "nixpkgs",
        "zig": "zig",
        "zls": "zls"
      }
    },
    "zig": {
      "flake": false,
      "locked": {
        "lastModified": 1771108503,
        "narHash": "sha256-lnxuYG8FcLpBiUmIcP3UXZY/HnWi6qr4igJ7V19J3Ko=",
        "ref": "refs/heads/master",
        "rev": "c6eeae8a8c2314fd35b5baddb18f33b0122d319f",
        "revCount": 37171,
        "type": "git",
        "url": "https://codeberg.org/ziglang/zig"
      },
      "original": {
        "type": "git",
        "url": "https://codeberg.org/ziglang/zig"
      }
    },
    "zls": {
      "flake": false,
      "locked": {
        "lastModified": 1770898894,
        "narHash": "sha256-9SrrOnyEOPoMxoB9jgi4CBokCLda3nSBBbJ3wAqOmrg=",
        "owner": "zigtools",
        "repo": "zls",
        "rev": "0e289f5c4df4ee91fb888414c1b8a4b096e3cdb8",
        "type": "github"
      },
      "original": {
        "owner": "zigtools",
        "repo": "zls",
        "type": "github"
      }
    }
  },
  "root": "root",
  "version": 7
}
