{
  "nodes": {
    "nixpkgs": {
      "locked": {
        "lastModified": 1740786408,
        "narHash": "sha256-jwaqkPh2STOyd3D/nQ8ZYKni1jdCAgEEPoEO5W+cVHk=",
        "owner": "NixOS",
        "repo": "nixpkgs",
        "rev": "47c271667487cdcaa24c88d9b18b2df2bc47c30f",
        "type": "github"
      },
      "original": {
        "owner": "NixOS",
        "repo": "nixpkgs",
        "type": "github"
      }
    },
    "root": {
      "inputs": {
        "nixpkgs": "nixpkgs",
        "systems": "systems",
        "zig": "zig",
        "zls": "zls"
      }
    },
    "systems": {
      "locked": {
        "lastModified": 1681028828,
        "narHash": "sha256-Vy1rq5AaRuLzOxct8nz4T6wlgyUR7zLU309k9mBC768=",
        "owner": "nix-systems",
        "repo": "default",
        "rev": "da67096a3b9bf56a91d16901293e51ba5b49a27e",
        "type": "github"
      },
      "original": {
        "owner": "nix-systems",
        "repo": "default",
        "type": "github"
      }
    },
    "zig": {
      "flake": false,
      "locked": {
        "lastModified": 1740735605,
        "narHash": "sha256-+GcPdJrdFT9wwrSyIJst4I6PLiR5QeSTqib5jHA4Xl8=",
        "owner": "ziglang",
        "repo": "zig",
        "rev": "6c3cbb0c87a33f4ae408874f6ceb40e372b65914",
        "type": "github"
      },
      "original": {
        "owner": "ziglang",
        "repo": "zig",
        "type": "github"
      }
    },
    "zls": {
      "flake": false,
      "locked": {
        "lastModified": 1740515014,
        "narHash": "sha256-cb98USBjMXrcq+pOOGXkfL454ykmJF7N3G002KsC3dA=",
        "owner": "zigtools",
        "repo": "zls",
        "rev": "30b0da02c708ff0443557505676775109120df89",
        "type": "github"
      },
      "original": {
        "owner": "zigtools",
        "repo": "zls",
        "type": "github"
      }
    }
  },
  "root": "root",
  "version": 7
}
