{
  "nodes": {
    "nixpkgs": {
      "locked": {
        "lastModified": 1743549771,
        "narHash": "sha256-PG6UrwnSR6ZB6O3Ue3yjAwNo9GNYnshX0AIUx3qsorQ=",
        "owner": "NixOS",
        "repo": "nixpkgs",
        "rev": "d01ca604978bff75010a300d6dd84eed669d9a34",
        "type": "github"
      },
      "original": {
        "owner": "NixOS",
        "repo": "nixpkgs",
        "type": "github"
      }
    },
    "root": {
      "inputs": {
        "nixpkgs": "nixpkgs",
        "systems": "systems",
        "zig": "zig",
        "zls": "zls",
        "zon2nix": "zon2nix"
      }
    },
    "systems": {
      "locked": {
        "lastModified": 1681028828,
        "narHash": "sha256-Vy1rq5AaRuLzOxct8nz4T6wlgyUR7zLU309k9mBC768=",
        "owner": "nix-systems",
        "repo": "default",
        "rev": "da67096a3b9bf56a91d16901293e51ba5b49a27e",
        "type": "github"
      },
      "original": {
        "owner": "nix-systems",
        "repo": "default",
        "type": "github"
      }
    },
    "zig": {
      "flake": false,
      "locked": {
        "lastModified": 1743527410,
        "narHash": "sha256-FFz5fVVbLvPNa6vmc0Yz9rvFaZcpO1ur0kmVvfP5EXA=",
        "owner": "ziglang",
        "repo": "zig",
        "rev": "9720bade7a0165d4e6dc7bf4fafb895f2e458a3b",
        "type": "github"
      },
      "original": {
        "owner": "ziglang",
        "repo": "zig",
        "type": "github"
      }
    },
    "zls": {
      "flake": false,
      "locked": {
        "lastModified": 1743534123,
        "narHash": "sha256-BWvYewHO3mbmAGPMxKbb1dHRq1nZGiYuWj37Ok4SlqA=",
        "owner": "zigtools",
        "repo": "zls",
        "rev": "b30d4de3332eb310941137b236a3913b5a360e28",
        "type": "github"
      },
      "original": {
        "owner": "zigtools",
        "repo": "zls",
        "type": "github"
      }
    },
    "zon2nix": {
      "flake": false,
      "locked": {
        "lastModified": 1742508634,
        "narHash": "sha256-89hYzrzQokQ+HUOd3g4epP9jdajaIoaMG81SrCNCqqU=",
        "owner": "nix-community",
        "repo": "zon2nix",
        "rev": "2360e358c2107860dadd340f88b25d260b538188",
        "type": "github"
      },
      "original": {
        "owner": "nix-community",
        "repo": "zon2nix",
        "type": "github"
      }
    }
  },
  "root": "root",
  "version": 7
}
